<?xml version="1.0" encoding="utf-8"?>
<Project ToolsVersion="4.0" xmlns="http://schemas.microsoft.com/developer/msbuild/2003">
  <ItemGroup>
    <Filter Include="Resource Files">
      <UniqueIdentifier>{67DA6AB6-F800-4c08-8B7A-83BB121AAD01}</UniqueIdentifier>
      <Extensions>rc;ico;cur;bmp;dlg;rc2;rct;bin;rgs;gif;jpg;jpeg;jpe;resx;tiff;tif;png;wav;mfcribbon-ms</Extensions>
    </Filter>
    <Filter Include="Shader">
      <UniqueIdentifier>{d93c2145-614d-48a8-855e-910e255b9a65}</UniqueIdentifier>
    </Filter>
    <Filter Include="Inc">
      <UniqueIdentifier>{93995380-89BD-4b04-88EB-625FBE52EBFB}</UniqueIdentifier>
      <Extensions>h;hh;hpp;hxx;h++;hm;inl;inc;ipp;xsd</Extensions>
    </Filter>
    <Filter Include="Inc\Framework">
      <UniqueIdentifier>{07cf8768-3365-4aa8-86d8-03fa153a51b7}</UniqueIdentifier>
    </Filter>
    <Filter Include="Inc\Framework\Common">
      <UniqueIdentifier>{819ff423-fa19-4774-b562-477a50a6128f}</UniqueIdentifier>
    </Filter>
    <Filter Include="Src">
      <UniqueIdentifier>{4FC737F1-C7A5-4376-A066-2A32D752A2FF}</UniqueIdentifier>
      <Extensions>cpp;c;cc;cxx;c++;cppm;ixx;def;odl;idl;hpj;bat;asm;asmx</Extensions>
    </Filter>
    <Filter Include="Src\Framework">
      <UniqueIdentifier>{7168d112-ba85-4f89-9907-6fc86d3ffd97}</UniqueIdentifier>
    </Filter>
    <Filter Include="Src\Framework\Common">
      <UniqueIdentifier>{34aff3db-d437-4a0e-b637-659ebc54f9f7}</UniqueIdentifier>
    </Filter>
    <Filter Include="Inc\Framework\Interface">
      <UniqueIdentifier>{cc8df251-529d-4043-bc14-3f25644bf757}</UniqueIdentifier>
    </Filter>
    <Filter Include="Src\Framework\Interface">
      <UniqueIdentifier>{6ee304b1-9592-44d2-a1b8-f64b84f5f7c2}</UniqueIdentifier>
    </Filter>
    <Filter Include="Inc\RHI">
      <UniqueIdentifier>{089fac0b-fc4c-4380-8c76-5d93c9f74a07}</UniqueIdentifier>
    </Filter>
    <Filter Include="Src\RHI">
      <UniqueIdentifier>{685264d2-a916-4448-adfc-45fd637fabd4}</UniqueIdentifier>
    </Filter>
    <Filter Include="Inc\Framework\Math">
      <UniqueIdentifier>{5abe9519-d8c2-4d6b-b22e-e90ef63c96b7}</UniqueIdentifier>
    </Filter>
    <Filter Include="External">
      <UniqueIdentifier>{ae1e49cc-4be7-46ba-90e2-8f77f7cd40c2}</UniqueIdentifier>
    </Filter>
    <Filter Include="External\OpenFbx">
      <UniqueIdentifier>{e179b875-dfdf-48fc-820e-e8735bcc340a}</UniqueIdentifier>
    </Filter>
    <Filter Include="Inc\Framework\Parser">
      <UniqueIdentifier>{4df40bb6-0cd4-4bf9-9720-300b9bd3c155}</UniqueIdentifier>
    </Filter>
    <Filter Include="Src\Framework\Parser">
      <UniqueIdentifier>{6e9dbe9a-4228-4b0f-8915-36ac3aa7b6ad}</UniqueIdentifier>
    </Filter>
    <Filter Include="Src\Framework\Math">
      <UniqueIdentifier>{8e876bea-a5c3-4f16-8a19-23960c397a9f}</UniqueIdentifier>
    </Filter>
  </ItemGroup>
  <ItemGroup>
    <ClInclude Include="framework.h">
      <Filter>Inc</Filter>
    </ClInclude>
    <ClInclude Include="pch.h">
      <Filter>Inc</Filter>
    </ClInclude>
    <ClInclude Include="Engine.h">
      <Filter>Inc</Filter>
    </ClInclude>
    <ClInclude Include="Inc\Framework\Common\Allocator.hpp">
      <Filter>Inc\Framework\Common</Filter>
    </ClInclude>
    <ClInclude Include="Inc\Framework\Common\MemoryManager.hpp">
      <Filter>Inc\Framework\Common</Filter>
    </ClInclude>
    <ClInclude Include="Inc\Framework\Interface\IRuntimeModule.h">
      <Filter>Inc\Framework\Interface</Filter>
    </ClInclude>
    <ClInclude Include="Inc\Framework\Common\GfxConfiguration.h">
      <Filter>Inc\Framework\Common</Filter>
    </ClInclude>
    <ClInclude Include="Inc\Framework\Common\BaseApplication.h">
      <Filter>Inc\Framework\Common</Filter>
    </ClInclude>
    <ClInclude Include="Inc\Framework\Interface\IApplication.h">
      <Filter>Inc\Framework\Interface</Filter>
    </ClInclude>
    <ClInclude Include="Inc\Framework\Common\GraphicsManager.h">
      <Filter>Inc\Framework\Common</Filter>
    </ClInclude>
    <ClInclude Include="Inc\RHI\D3D12GrahpicsManager.h">
      <Filter>Inc\RHI</Filter>
    </ClInclude>
    <ClInclude Include="Inc\Framework\Common\AssetLoader.h">
      <Filter>Inc\Framework\Common</Filter>
    </ClInclude>
    <ClInclude Include="Inc\Framework\Common\Buffer.h">
      <Filter>Inc\Framework\Common</Filter>
    </ClInclude>
    <ClInclude Include="Inc\Framework\Common\Image.h">
      <Filter>Inc\Framework\Common</Filter>
    </ClInclude>
    <ClInclude Include="Inc\Framework\Math\NutMath.hpp">
      <Filter>Inc\Framework\Math</Filter>
    </ClInclude>
    <ClInclude Include="Inc\Framework\Interface\ImageParser.h">
      <Filter>Inc\Framework\Interface</Filter>
    </ClInclude>
    <ClInclude Include="Inc\Framework\Common\SceneObject.h">
      <Filter>Inc\Framework\Common</Filter>
    </ClInclude>
    <ClInclude Include="Inc\Framework\Math\Guid.h">
      <Filter>Inc\Framework\Math</Filter>
    </ClInclude>
    <ClInclude Include="External\OpenFbx\miniz.h">
      <Filter>External\OpenFbx</Filter>
    </ClInclude>
    <ClInclude Include="External\OpenFbx\ofbx.h">
      <Filter>External\OpenFbx</Filter>
    </ClInclude>
    <ClInclude Include="Inc\Framework\Common\SceneNode.h">
      <Filter>Inc\Framework\Common</Filter>
    </ClInclude>
    <ClInclude Include="Inc\Framework\Interface\ISceneParser.h">
      <Filter>Inc\Framework\Interface</Filter>
    </ClInclude>
    <ClInclude Include="Inc\Framework\Parser\FbxParser.h">
      <Filter>Inc\Framework\Parser</Filter>
    </ClInclude>
    <ClInclude Include="Inc\Framework\Parser\BMP.h">
      <Filter>Inc\Framework\Parser</Filter>
    </ClInclude>
    <ClInclude Include="Inc\Framework\Common\Scene.h">
      <Filter>Inc\Framework\Common</Filter>
    </ClInclude>
    <ClInclude Include="Inc\Framework\Common\SceneManager.h">
      <Filter>Inc\Framework\Common</Filter>
    </ClInclude>
  </ItemGroup>
  <ItemGroup>
    <ClCompile Include="pch.cpp">
      <Filter>Src</Filter>
    </ClCompile>
    <ClCompile Include="Engine.cpp">
      <Filter>Src</Filter>
    </ClCompile>
    <ClCompile Include="Src\Framework\Common\Allocator.cpp">
      <Filter>Src\Framework\Common</Filter>
    </ClCompile>
    <ClCompile Include="Src\Framework\Common\MemoryManager.cpp">
      <Filter>Src\Framework\Common</Filter>
    </ClCompile>
    <ClCompile Include="Src\Framework\Common\BaseApplication.cpp">
      <Filter>Src\Framework\Common</Filter>
    </ClCompile>
    <ClCompile Include="Src\Framework\Common\GraphicsManager.cpp">
      <Filter>Src\Framework\Common</Filter>
    </ClCompile>
    <ClCompile Include="Src\RHI\D3D12GraphicsManager.cpp">
      <Filter>Src\RHI</Filter>
    </ClCompile>
    <ClCompile Include="Src\Framework\Common\AssetLoader.cpp">
      <Filter>Src\Framework\Common</Filter>
    </ClCompile>
    <ClCompile Include="External\OpenFbx\miniz.cpp">
      <Filter>External\OpenFbx</Filter>
    </ClCompile>
    <ClCompile Include="External\OpenFbx\ofbx.cpp">
      <Filter>External\OpenFbx</Filter>
    </ClCompile>
    <ClCompile Include="Src\Framework\Common\Scene.cpp">
      <Filter>Src\Framework\Common</Filter>
    </ClCompile>
    <ClCompile Include="Src\Framework\Parser\FbxParser.cpp">
      <Filter>Src\Framework\Parser</Filter>
    </ClCompile>
    <ClCompile Include="Src\Framework\Math\Guid.cpp">
      <Filter>Src\Framework\Math</Filter>
    </ClCompile>
    <ClCompile Include="Src\Framework\Common\SceneManager.cpp">
      <Filter>Src\Framework\Common</Filter>
    </ClCompile>
  </ItemGroup>
  <ItemGroup>
    <FxCompile Include="Asset\Shader\simple_vs.hlsl">
      <Filter>Shader</Filter>
    </FxCompile>
    <FxCompile Include="Asset\Shader\simple_ps.hlsl">
      <Filter>Shader</Filter>
    </FxCompile>
  </ItemGroup>
</Project>